# This file was autogenerated by uv via the following command:
#    uv pip compile scripts/neo-execution-specs-requirements.in --universal --python-version 3.11 --generate-hashes --exclude-newer 2026-07-13 -o scripts/neo-execution-specs-requirements.lock
cffi==2.1.0 ; platform_python_implementation != 'PyPy' \
    --hash=sha256:02cb7ff33ded4f1532476731f89ede53e2e488a8e6205515a82144246ffa7dcc \
    --hash=sha256:03e9810d18c646077e501f661b682fbf5dee4676048527ca3cffe66faa9960dd \
    --hash=sha256:0520e1f4c35f44e209cbbb421b67eec42e6a157f59444dfb6058874ff3610e5d \
    --hash=sha256:0582a58f3051372229ca8e7f5f589f9e5632678208d8636fea3676711fdf7fe5 \
    --hash=sha256:0611e7ebf90573a535ebdc33ae9da222d037853983e13359f580fab781ca017f \
    --hash=sha256:0a42c688d19fca6e095a53c6a6e2295a5b050a8b289f109adab02a9e61a25de6 \
    --hash=sha256:0a96b74cda968eebbad56d973efe5098974f0a9fb323865bf99ea1fd24e3e64c \
    --hash=sha256:10537b1df4967ca26d21e5072d7d54188354483b91dc75058968d3f0cf13fbda \
    --hash=sha256:11b3fb55f4f8ad92274ed26705f65d8f91457de71f5380061eb6d125a768fecd \
    --hash=sha256:15faec4adfff450819f3aee0e2e02c812de6edb88203aa58807955db2003472a \
    --hash=sha256:164bff1657b2a74f0b6d54e11c9b375bc97b931f2ca9c43fcf875838da1570dd \
    --hash=sha256:1854b724d00f6654c742097d5387569021be12d3a0f770eae1df8f8acfcc6acd \
    --hash=sha256:19c54ac121cad98450b4896fa9a43ee0180d57bc4bc911a33db6cab1efab6cd3 \
    --hash=sha256:1b96bfe2c4bd825681b7d311ad6d9b7280a091f43e8f63da5729638083cd3bfb \
    --hash=sha256:1e9f50d192a3e525b15a75ab5114e442d83d657b7ec29182a991bc9a88fd3a66 \
    --hash=sha256:1ff3456eab0d889592d1936d6125bbfbc7ae4d3354a700f8bd80450a66445d4d \
    --hash=sha256:2282cd5e38aa8accd03e99d1256af8411c84cdbee6a89d841b563fdbd1f3e50f \
    --hash=sha256:276f20fffd7b396e12516ba8edf9509210ac248cbbc5acbc39cd512f9f59ebe6 \
    --hash=sha256:2b71d409cccee78310ab5dec549aed052aaea483346e282c7b02362596e01bb0 \
    --hash=sha256:2e9dabb9abcb7ad15938c7196ad5c1718a4e6d33cc79b4c0209bdb64c4a54a5c \
    --hash=sha256:30b65779d598c370374fefabf138d456fd6f3216bfa7bedfab1ba82025b0cd93 \
    --hash=sha256:33eb1ad83ebe8f313e0df035c406227d55a79456704a863fad9842136af5ad7d \
    --hash=sha256:35aaea0c7ee0e58a5cd8c2fd1a48fdf7ece0d2699b7ecdda08194e9ce5dd9b3d \
    --hash=sha256:3681e031db29958a7502f5c0c9d6bbc4c36cb20f7b104086fa642d1799631ff8 \
    --hash=sha256:379de10ce1ba048b1448599d1b37b24caee16309d1ac98d3982fc997f768700b \
    --hash=sha256:37f525a7e7e50c017fdebe58b787be310ad59357ae43a053943a6e1a6c526001 \
    --hash=sha256:3b926723c13eba9f81d2ef3820d63aeceec3b2d4639906047bf675cb8a7a500d \
    --hash=sha256:3d7f118b5adbfdfead90c25822690b02bc8074fba949bb7858bec4ebd55adb43 \
    --hash=sha256:46b1c8db8f6122420f32d02fffb924c2fe9bc772d228c7c711748fff56aabb2b \
    --hash=sha256:47ff3a8bfd8cb9da1af7524b965127095055654c177fcfc7578debcb015eecd0 \
    --hash=sha256:4d433a51f1870e43a13b6732f92aaf540ff77c2015097c78556f75a2d6c030e0 \
    --hash=sha256:4f26194e3d95e06501b942642855aed4f953d55e95d7d01b7c4483db3ecff458 \
    --hash=sha256:510aeeeac94811b138077451da1fb18b308a5feab47dd2b603af55804155e1c8 \
    --hash=sha256:5972433ad71a9e46516584ef60a0fda12d9dc459938d1539c3ddecf9bdc1368d \
    --hash=sha256:5ecbd0499275d57506d397eebe1981cee87b47fcd9ef5c22cab7ed7644a39a94 \
    --hash=sha256:6274dcb2d15cef48daa73ed1be5a40d501d74dccd0cd6db364776d12cb6ba022 \
    --hash=sha256:63960549e4f8dc41e31accb97b975abaecfc44c03e396c093a6436763c2ea7db \
    --hash=sha256:64c753a0f87a256020004f37a1c8c02c480e725f910f0b2a0f3f07debd1b2479 \
    --hash=sha256:6af371f3767faeffc6ac1ef57cdfd25844403e9d3f476c5537caee499de96376 \
    --hash=sha256:6ca4919c6e4f89aa99c42510b42cf54596892c00b3f9077f6bdd1505e24b9c8d \
    --hash=sha256:6d194185eabd279f1c05ebe3504265ddfc5ad2b58d0714f7db9f01da592e9eb6 \
    --hash=sha256:702c436735fbe99d59ada02a1f65cfc0d31c0ee8b7290912f8fbc5cd1e4b16c3 \
    --hash=sha256:716ff8ec22f20b4d988b12884086bcef0fc99737043e503f7a3935a6be99b1ea \
    --hash=sha256:762f99479dcb369f60ab9017ad4ab97a36a1dd7c1ee5a3b15db0f4b8659120cd \
    --hash=sha256:7762faa47e8ff7eb80bd261d9a7d8eea2d8baa69de5e95b70c1f338bbe712f02 \
    --hash=sha256:78474632761faa0fb96f30b1c928c84ebcf68713cbb80d15bab09dfe61640fde \
    --hash=sha256:799416bae98336e400981ff6e532d67d5c709cfb30afb79865a1315f94b0e224 \
    --hash=sha256:7d034dcffa09e9a46c93fa3a3be402096cb5354ac6e41ab8e5cc9cd8b642ad76 \
    --hash=sha256:7d28dff1db6764108bc30788d85d61c876beff416d9a49cb9dd7c5a9f34f5804 \
    --hash=sha256:7d3538f9c0e50670f4deb93dbb696576e60590369cae2faf7de681e597a8a1f1 \
    --hash=sha256:7d5980a3433d4b71a5e120f9dd551403d7824e31e2e67124fe2769c404c06913 \
    --hash=sha256:7ea6b3e2c4250ff1de21c630fe72d0f63eb95c2c32ffbf64a358cf4a8836d714 \
    --hash=sha256:86cf8755a791f72c85dc287128cc62d4f24d392e3f1e15837245623f4a33cccc \
    --hash=sha256:88023dfe18799507b73f1dbb0d14326a17465de1bc9c9c7655c22845e9ddc3a2 \
    --hash=sha256:89095c1968b4ba8285840e131bf2891b09ae137fe2146905acae0354fbce1b5e \
    --hash=sha256:8d35c139744adb3e727cd51b1a18324bbe44b8bd41bf8322bca4d41289f48eda \
    --hash=sha256:8e74a6135550c4748af665b1b1118b6aab33b1fc6a16f9aff630af107c3b4512 \
    --hash=sha256:8f9ec95b8a043d3dfbc74d9abc6f7baf524dd27a8dc160b0a32ff9cdab650c28 \
    --hash=sha256:90bec57cf82089383bd06a605b3eb8daebf7e5a668520beaf6e327a83a947699 \
    --hash=sha256:95f2954c2c9473d892eca6e0409f3568b37ab62a8eedb122461f73cc273476e3 \
    --hash=sha256:961be50688f7fba2fa65f63712d3b9b341a22311f5253460ce933f52f0de1c8c \
    --hash=sha256:98fff996e983a36d3aa2eca83af40c5821202e7e6f32d13ae94e3d2286f10cfe \
    --hash=sha256:9b8f0f26ca4e7513c534d351eca551947d053fac438f2a04ac96d882909b0d3a \
    --hash=sha256:9d72af0cf10a76a600a9690078fe31c63b9588c8e86bf9fd353f713c84b5db0f \
    --hash=sha256:9d8272c0e483b024e1b9ad029821470ed8ec65631dbd90217469da0e7cd89f1c \
    --hash=sha256:a016194dbe13d14ee9556e734b772d8d67b947092b268d757fd4290e3ba2dfc2 \
    --hash=sha256:a5781494d4d400a3f47f8f1da94b324f6e6b440a53387774002890a2a2f4b50f \
    --hash=sha256:a95b05f9baf29b91171b3a8bd2020b028835243e7b0ff6bb23e2a3c228518b1b \
    --hash=sha256:aa7a1b53a2a4452ada2d1b5dade9960b2522f1e61293a811a077439e39029565 \
    --hash=sha256:ac0f1a2d0cfa7eea3f2aaf006ab6e70e8feeb16b75d65b7e5939982ca2f11056 \
    --hash=sha256:af5e2915d41fe6c961694d7bfdc8562942638200f3ce2765dfb8b745cf997629 \
    --hash=sha256:b6422532152adf4e59b110cb2808cee7a033800952f5c036b4af047ee43199e7 \
    --hash=sha256:b65f590ef2a44640f9a05dbb548a429b4ade77913ce683ac8b1480777658a6c0 \
    --hash=sha256:ba00f661f8ba35d075c937174e27c2c421cec3942fd2e0ea3e66996757c0fdd9 \
    --hash=sha256:bccbbb5ee76a61f9d99b5bf3846a51d7fca4b6a732fe46f89295610edaf41853 \
    --hash=sha256:bf01d8c84cbea96b944c73b22182e6c7c432b3475632b8111dbfdc95ddad6e13 \
    --hash=sha256:bf5c6cf48238b0eb4c086978c492ad1cbc22373fc5b2d7353b3a598ce6db887a \
    --hash=sha256:c16914df9fb7f500e440e6875fa23ff5e0b31db01fa9c06af98d59a91f0dc2e4 \
    --hash=sha256:c351efb95e832a853a29361675f33a7ce53de1a109cd73fd47af0712213aa4ce \
    --hash=sha256:c4165821e131d6d4ca444347c2b694e2311bcfa3fe5a861cc72968f28867beac \
    --hash=sha256:c5f5df567f6eb216de69be06ce55c8b714090fae02b18a3b40da8163b8c5fa9c \
    --hash=sha256:c941bb58d5a6e1c3892d86e42927ed6c180302f07e6d395d08c416e594b98b46 \
    --hash=sha256:c97f080ea627e2863524c5af3836e2270b5f5dfff1f104392b959f8df0c5d384 \
    --hash=sha256:cb96698e3c7413d906ce83f8ffd245ec1bd94707541f299d0ce4d6b0193e982b \
    --hash=sha256:cbb7640ce37159548d2147b5b8c241f962143d4c71231431820783f4dc78f210 \
    --hash=sha256:cdf2448aab5f661c9315308ec8b93f4e8a1a67a3c733f8631067a2b67d5913dc \
    --hash=sha256:d2117334c3af3bdcb9a88522b844a2bdb5efdc4f71c6c822df55486ae1c3347a \
    --hash=sha256:d53d10f7da99ae46f7373b9150393e9c5eab9b224909982b43832668de4779f5 \
    --hash=sha256:d9fafc5aa2e2a39aaf7f8cc0c1f044a9b07fca12e558dca53a3cc5c654ad67a7 \
    --hash=sha256:db3eb7d46527159a878ec3460e9d40615bc25ba337d477db681aea6e4f05c5d2 \
    --hash=sha256:dbf7c7a88e2bac086f06d14577332760bdeecc42bdec8ac4077f6260557d9326 \
    --hash=sha256:df2b82571a1b30f58a87bf4e5a9e78d2b1eff6c6ce8fd3aa3757221f93f0863f \
    --hash=sha256:df92f2aba50eb4d96718b68ef76f2e57a57b54f2fa62333496d16c6d585a85ca \
    --hash=sha256:eb4e8997a49aa2c08a3e43c9045d224448b8941d88e7ac163c7d383e560cbf98 \
    --hash=sha256:efc1cdd798b1aaf39b4610bba7aad28c9bea9b910f25c784ccf9ec1fa719d1f9 \
    --hash=sha256:f146d154428a2523f9cc7936c02353c2459b8f6cf07d3cd1ee1c0a611109c5d5 \
    --hash=sha256:f5bce581e6b8c235e566a14768a943b172ada3ed73537bb0c0be1edee312d4e7 \
    --hash=sha256:f9912624a0c0b834b7520d7769b3644453aabc0a7e1c839da7359f050750e9bc \
    --hash=sha256:fb62edb5bb52cca65fab91a63afa7561607120d26090a7e8fda6fb9f064726da \
    --hash=sha256:ff067a8d8d880e7809e4ac88eb009bb848870115317b306666502ccad30b147f
    # via cryptography
cryptography==49.0.0 \
    --hash=sha256:026ac7423e6fa66872d3bf889be5974507da3944f866f704fa200eadacd00001 \
    --hash=sha256:07cab27cc7b7e0fd28e5e26bb9eeedde5c135c868b46de4a27845abe94af6122 \
    --hash=sha256:084ef1af862eb07ec46d25f68689f2102a9fc0e05ce7b80f14f5fe51e4eef0f6 \
    --hash=sha256:0b82e28ee398a386f0807bba7884d30f25218855690f45115831bcce5d90822c \
    --hash=sha256:0e959b578856a3924bc0cbb710fc12c387b9412a951389f3ca61704a9e25f325 \
    --hash=sha256:0f21641cf4b30fca7aee061ced0ec7ad7b073518088b7c9969a297c0ae796c69 \
    --hash=sha256:196ecd6a36e4e9aa10270393bb98d8df88fccee0bf1e5128b91ae4eb4375896d \
    --hash=sha256:2400ef9c9e2299a25614eb1dea3db54a69b1349efd043bfac9c67630d136df36 \
    --hash=sha256:28d8b15e6275f12c8a207dc309dfa957903c927d08d0cc937ee3f63f200693cc \
    --hash=sha256:2afe9051da7ae7bd5905da5a949280c7d2bb75682e188f650a9d0f2756b834c6 \
    --hash=sha256:2eda353d8a27bcbcaa4cbed18994a74ab4d19a2ca897db188ea269ab9b71419b \
    --hash=sha256:32703d93296f5c1f4b53349ad3a250c2cae0fdecd3a3dd5d47e616d8d616af27 \
    --hash=sha256:33cd0565932807baddb67b96dbee92f2c374b5c89dee09fd74079aeb8c8dba61 \
    --hash=sha256:35b151772baff2c74cba7fa290ceaff4c3b11c0c881eb93eb5dbc05a7cfbba18 \
    --hash=sha256:36d1709f992593689b45bda411498d62c6e365f2ca00b84657d4dadd24de16db \
    --hash=sha256:42b0684e0e40cf26122427802486f6d93aea593612603a94fbf260c7eb1e9c1b \
    --hash=sha256:4ae387c9cb68ea569ca17e490d66d8142b81c3cc814bf179974b7d146e490bbb \
    --hash=sha256:53ecee2e23f7169b6117e99fc8a944e5e50f79e69758a83b52a00cb98ab2b2d2 \
    --hash=sha256:66ec79c3904820572d7e987abdf304281f141d37ad9a489b8e97066e7b9b6459 \
    --hash=sha256:67e1d20ad9ef3a563c59ef22e7a8a0b8210bd26604369ea4a30a7c66aefe504e \
    --hash=sha256:6f2debedf9ca60cf1d5bd466475638af5130f89965605cd818484d19987d3a21 \
    --hash=sha256:6fc361c34fb6aac015ce19435876635e5c6d21db31998b0920f675f131e043b8 \
    --hash=sha256:73a205dce83953d131a4aa1e0fd917a2fd1c5b1eef251e9d7152efefcbf5caf7 \
    --hash=sha256:7abcee80084cda3f7691f3eb1ce480d8df49cec637b429aa35986c1de71738aa \
    --hash=sha256:8c25ceb16df5b9435f3f6a9829204985b0e0cbee3b48aacd432c7d2c850b44d9 \
    --hash=sha256:966fe0e9c67490071f14c0d2b1cb2dfb3023c5ce39457343931415f08382f2db \
    --hash=sha256:9e82dcc8e56052715fb18b2429e3bca4823b1629136a2084fc45a9a5cecb9b64 \
    --hash=sha256:b20133d204d2bb56ba047642199603876c872026ca53e79c35b83772ab2cc505 \
    --hash=sha256:b39efa323140595abd3ecca8529d321ae50f55f3aa3ba9cc81ea56a6011953d5 \
    --hash=sha256:b47db11c2c3525083296069b98ac5221907455e989ae0c2e3008bde851921615 \
    --hash=sha256:b87e65d263b3e5d3bb92a57e2a6638e2f31110fa7aa890c7b2dbba42248d0a3f \
    --hash=sha256:b970c6da94d5bb18629db453d14f2a1300f6bf59b61e9b82377931ef95504866 \
    --hash=sha256:be9fcb48a55f023493482827d4f459bd263cc20efde64f204b97c123201850c6 \
    --hash=sha256:c2bc30226390d60ea19d9f82b19db005fe0452154a23c1c410c12ea801e43561 \
    --hash=sha256:c83782480a4a9da4d0feb51950131ba32e12e70813848b3343f6e18c28a66838 \
    --hash=sha256:cbc77da8c523d5abd028635ba850a6966fcee2c82e2bf65a41d1d8afe0f98be9 \
    --hash=sha256:ccac2bfebc306b862133e3bb71f3f6ee8bb525240089b2d952e4144b3a6d5da7 \
    --hash=sha256:d0527ce944105f257f605a827d6ebead966c752038b6e8656abb9c5edee6fc68 \
    --hash=sha256:d8ecde755e2e91bf773fc94e8c9d730cd7f2007004cb492263a794ec3899a1c8 \
    --hash=sha256:e3fb64c420688e5319ae25113a354015abbd8dffbfbc41781a1ea66fc7622ac3 \
    --hash=sha256:e5dfc1e64de5677cec922ffa8da89c546d0415bf6efdf081842e5d44c84e1f0e \
    --hash=sha256:ec5e529fb80935c94fe7b729f9972b50e351a0e6b50aa294fd5cabb109fcc29a \
    --hash=sha256:f37d847238971164fdbc68ade6f6574aecc9c0af714190e2083429ff68f4ce9d \
    --hash=sha256:f78ff2c9ed8dc2d036b0f4d640e22522213d047c1b14e61205a7e55c80a494d4 \
    --hash=sha256:f89660a348f4f78a92366240a61404e337586ef7f5909a2fef59ca88ef505493 \
    --hash=sha256:fc1e275c2f1d97b1a6450b8b0ea3ebfa6e087a611c2b26cb2404d48588abab7b
    # via -r scripts/neo-execution-specs-requirements.in
pycparser==3.0 ; implementation_name != 'PyPy' and platform_python_implementation != 'PyPy' \
    --hash=sha256:600f49d217304a5902ac3c37e1281c9fe94e4d0489de643a9504c5cdfdfc6b29 \
    --hash=sha256:b727414169a36b7d524c1c3e31839a521725078d7b2ff038656844266160a992
    # via cffi
pycryptodome==3.23.0 \
    --hash=sha256:0011f7f00cdb74879142011f95133274741778abba114ceca229adbf8e62c3e4 \
    --hash=sha256:11eeeb6917903876f134b56ba11abe95c0b0fd5e3330def218083c7d98bbcb3c \
    --hash=sha256:14e15c081e912c4b0d75632acd8382dfce45b258667aa3c67caf7a4d4c13f630 \
    --hash=sha256:156df9667ad9f2ad26255926524e1c136d6664b741547deb0a86a9acf5ea631f \
    --hash=sha256:187058ab80b3281b1de11c2e6842a357a1f71b42cb1e15bce373f3d238135c27 \
    --hash=sha256:257bb3572c63ad8ba40b89f6fc9d63a2a628e9f9708d31ee26560925ebe0210a \
    --hash=sha256:350ebc1eba1da729b35ab7627a833a1a355ee4e852d8ba0447fafe7b14504d56 \
    --hash=sha256:447700a657182d60338bab09fdb27518f8856aecd80ae4c6bdddb67ff5da44ef \
    --hash=sha256:45c69ad715ca1a94f778215a11e66b7ff989d792a4d63b68dc586a1da1392ff5 \
    --hash=sha256:4764e64b269fc83b00f682c47443c2e6e85b18273712b98aa43bcb77f8570477 \
    --hash=sha256:507dbead45474b62b2bbe318eb1c4c8ee641077532067fec9c1aa82c31f84886 \
    --hash=sha256:53ecbafc2b55353edcebd64bf5da94a2a2cdf5090a6915bcca6eca6cc452585a \
    --hash=sha256:573a0b3017e06f2cffd27d92ef22e46aa3be87a2d317a5abf7cc0e84e321bd75 \
    --hash=sha256:63dad881b99ca653302b2c7191998dd677226222a3f2ea79999aa51ce695f720 \
    --hash=sha256:64093fc334c1eccfd3933c134c4457c34eaca235eeae49d69449dc4728079339 \
    --hash=sha256:6501790c5b62a29fcb227bd6b62012181d886a767ce9ed03b303d1f22eb5c625 \
    --hash=sha256:67bd81fcbe34f43ad9422ee8fd4843c8e7198dd88dd3d40e6de42ee65fbe1490 \
    --hash=sha256:6fe8258e2039eceb74dfec66b3672552b6b7d2c235b2dfecc05d16b8921649a8 \
    --hash=sha256:763d1d74f56f031788e5d307029caef067febf890cd1f8bf61183ae142f1a77b \
    --hash=sha256:7ac1080a8da569bde76c0a104589c4f414b8ba296c0b3738cf39a466a9fb1818 \
    --hash=sha256:865d83c906b0fc6a59b510deceee656b6bc1c4fa0d82176e2b77e97a420a996a \
    --hash=sha256:89d4d56153efc4d81defe8b65fd0821ef8b2d5ddf8ed19df31ba2f00872b8002 \
    --hash=sha256:90460fc9e088ce095f9ee8356722d4f10f86e5be06e2354230a9880b9c549aae \
    --hash=sha256:93837e379a3e5fd2bb00302a47aee9fdf7940d83595be3915752c74033d17ca7 \
    --hash=sha256:954af0e2bd7cea83ce72243b14e4fb518b18f0c1649b576d114973e2073b273d \
    --hash=sha256:9a53a4fe5cb075075d515797d6ce2f56772ea7e6a1e5e4b96cf78a14bac3d265 \
    --hash=sha256:9a77627a330ab23ca43b48b130e202582e91cc69619947840ea4d2d1be21eb39 \
    --hash=sha256:a176b79c49af27d7f6c12e4b178b0824626f40a7b9fed08f712291b6d54bf566 \
    --hash=sha256:a7fc76bf273353dc7e5207d172b83f569540fc9a28d63171061c42e361d22353 \
    --hash=sha256:aa0698f65e5b570426fc31b8162ed4603b0c2841cbb9088e2b01641e3065915b \
    --hash=sha256:b34e8e11d97889df57166eda1e1ddd7676da5fcd4d71a0062a760e75060514b4 \
    --hash=sha256:c75b52aacc6c0c260f204cbdd834f76edc9fb0d8e0da9fbf8352ef58202564e2 \
    --hash=sha256:c8987bd3307a39bc03df5c8e0e3d8be0c4c3518b7f044b0f4c15d1aa78f52575 \
    --hash=sha256:ce64e84a962b63a47a592690bdc16a7eaf709d2c2697ababf24a0def566899a6 \
    --hash=sha256:cfb5cd445280c5b0a4e6187a7ce8de5a07b5f3f897f235caa11f1f435f182843 \
    --hash=sha256:d8e95564beb8782abfd9e431c974e14563a794a4944c29d6d3b7b5ea042110b4 \
    --hash=sha256:d97618c9c6684a97ef7637ba43bdf6663a2e2e77efe0f863cce97a76af396446 \
    --hash=sha256:ddb95b49df036ddd264a0ad246d1be5b672000f12d6961ea2c267083a5e19379 \
    --hash=sha256:dea827b4d55ee390dc89b2afe5927d4308a8b538ae91d9c6f7a5090f397af1aa \
    --hash=sha256:e3f2d0aaf8080bda0587d58fc9fe4766e012441e2eed4269a77de6aea981c8be \
    --hash=sha256:eb8f24adb74984aa0e5d07a2368ad95276cf38051fe2dc6605cbcf482e04f2a7
    # via -r scripts/neo-execution-specs-requirements.in
regex==2026.7.10 \
    --hash=sha256:0639b2488b775a0109f55a5a2172deebdedb4b6c5ab0d48c90b43cbf5de58d17 \
    --hash=sha256:081acf191b4d614d573a56cab69f948b6864daa5e3cc69f209ee92e26e454c2f \
    --hash=sha256:0911e34151a5429d0325dae538ba9851ec0b62426bdfd613060cda8f1c36ec7f \
    --hash=sha256:103e8f3acc3dcede88c0331c8612766bdcfc47c9250c5477f0e10e0550b9da49 \
    --hash=sha256:1050fedf0a8a92e843971120c2f57c3a99bea86c0dfa1d63a9fac053fe54b135 \
    --hash=sha256:13fba679fe035037e9d5286620f88bbfd105df4d5fcd975942edd282ab986775 \
    --hash=sha256:14d27f6bd04beb01f6a25a1153d73e58c290fd45d92ba56af1bb44199fd1010d \
    --hash=sha256:177f930af3ad72e1045f8877540e0c43a38f7d328cf05f31963d0bd5f7ecf067 \
    --hash=sha256:1f0d4ccf70b1d13711242de0ba78967db5c35d12ac408378c70e06295c3f6644 \
    --hash=sha256:21150500b970b12202879dfd82e7fd809d8e853140fff84d08e57a90cf1e154e \
    --hash=sha256:2129e4a5e86f26926982d883dff815056f2e98220fdf630e59f961b578a26c43 \
    --hash=sha256:221f2771cb780186b94bbf125a151bbeb242fa1a971da6ad59d7b0370f19de9a \
    --hash=sha256:234f8e0d65cf1df9becadae98648f74030ee85a8f12edcb5eb0f60a22a602197 \
    --hash=sha256:28a0973eeffff4292f5a7ee498ab65d5e94ee8cc9cea364239251eb4a260a0f1 \
    --hash=sha256:2b93eafd92c4128bab2f93500e8912cc9ecb3d3765f6685b902c6820d0909b6b \
    --hash=sha256:2bc350e1c5fa250f30ab0c3e38e5cfdffcd82cb8af224df69955cab4e3003812 \
    --hash=sha256:2c66a8a1969cfd506d1e203c0005fd0fc3fe6efc83c945606566b6f9611d4851 \
    --hash=sha256:2f98ef73a13791a387d5c841416ad7f52040ae5caf10bcf46fa12bd2b3d63745 \
    --hash=sha256:31fa17378b29519bfd0a1b8ba4e9c10cf0baf1cf4099b39b0689429e7dc2c795 \
    --hash=sha256:3750c42d47712e362158a04d0fd80131f73a55e8c715b2885442a0ff6f9fc3fc \
    --hash=sha256:38a5926601aaccf379512746b86eb0ac1d29121f6c776dac6ac5b31077432f2c \
    --hash=sha256:396ea70e4ea1f19571940add3bad9fd3eb6a19dc610d0d01f692bc1ba0c10cb4 \
    --hash=sha256:39f81d1fdf594446495f2f4edd8e62d8eda0f7a802c77ac596dc8448ad4cc5ca \
    --hash=sha256:3d8ef9df02c8083c7b4b855e3cb87c8e0ebbcfea088d98c7a886aaefdf88d837 \
    --hash=sha256:3e23458d8903e33e7d27196d7a311523dc4e2f4137a5f34e4dbd30c8d37ff33e \
    --hash=sha256:3f03b92fb6ec739df042e45b06423fc717ecf0063e07ffe2897f7b2d5735e1e8 \
    --hash=sha256:3f361215e000d68a4aff375106637b83c80be36091d83ee5107ad3b32bd73f48 \
    --hash=sha256:41a47c2b28d9421e2509a4583a22510dc31d83212fcf38e1508a7013140f71a8 \
    --hash=sha256:441edc66a54063f8269d1494fc8474d06605e71e8a918f4bcfd079ebda4ce042 \
    --hash=sha256:4533af6099543db32ef26abc2b2f824781d4eebb309ab9296150fd1a0c7eb07d \
    --hash=sha256:4574feca202f8c470bf678aed8b5d89df04aaf8dc677f3b83d92825051301c0f \
    --hash=sha256:460176b2db044a292baaee6891106566739657877af89a251cded228689015a6 \
    --hash=sha256:494b19a5805438aeb582de99f9d97603d8fd48e6f4cc74d0088bb292b4da3b70 \
    --hash=sha256:4db009b4fc533d79af3e841d6c8538730423f82ea8508e353a3713725de7901c \
    --hash=sha256:538ddb143f5ca085e372def17ef3ed9d74b50ad7fc431bd85dc50a9af1a7076f \
    --hash=sha256:53bbbd6c610489700f7110db1d85f3623924c3f7c760f987eca033867360788a \
    --hash=sha256:53f54993b462f3f91fea0f2076b46deb6619a5f45d70dbd1f543f789d8b900ef \
    --hash=sha256:58a4571b2a093f6f6ee4fd281faa8ebf645abcf575f758173ea2605c7a1e1ecb \
    --hash=sha256:5c363de7c0339d39341b6181839ed32509820b85ef506deafcf2e7e43baadab4 \
    --hash=sha256:5e792367e5f9b4ffb8cad93f1beaa91837056b94da98aa5c65a0db0c1b474927 \
    --hash=sha256:5eab9d3f981c423afd1a61db055cfe83553c3f6455949e334db04722469dd0a2 \
    --hash=sha256:617e8f10472e34a8477931f978ff3a88d46ae2ba0e41927e580b933361f60948 \
    --hash=sha256:64722a5031aeace7f6c8d5ea9a9b22d9368af0d6e8fa532585da8158549ea963 \
    --hash=sha256:65ee5d1ac3cd541325f5ac92625b1c1505f4d171520dd931bda7952895c5321a \
    --hash=sha256:668ab85105361d0200e3545bec198a1acfc6b0aeb5fff8897647a826e5a171be \
    --hash=sha256:66d2c35587cd601c95965d5c0415058ba5cfd6ffbab7624ce198bd967102b341 \
    --hash=sha256:6cbedeb5112f59dbd169385459b9943310bdd241c6966c19c5f6e2295055c93a \
    --hash=sha256:6e3448e86b05ce87d4eb50f9c680860830f3b32493660b39f43957d6263e2eba \
    --hash=sha256:724ee9379568658ec06362cf24325c5315cc5a67f61dfe585bfeff58300a355b \
    --hash=sha256:7252b48b0c60100095088fbeb281fca9a4fcf678a4e04b1c520c3f8613c952c4 \
    --hash=sha256:732c19e5828eb287d01edb83b2eb87f283ba8e5fc3441c732709d3e8cbd14aaa \
    --hash=sha256:749b92640e1970e881fdf22a411d74bf9d049b154f4ef7232eeb9a90dd8be7f3 \
    --hash=sha256:74ae61d8573ecd51b5eeee7be2218e4c56e99c14fa8fcf97cf7519611d4be92e \
    --hash=sha256:78712d4954234df5ca24fdadb65a2ab034213f0cdfde376c272f9fc5e09866bb \
    --hash=sha256:799a369bdab91dcf0eb424ebd7aa9650897025ce22f729248d8f2c72002c4daa \
    --hash=sha256:80151ca5bfc6c4524186b3e08b499e97319b2001fc265ed2d4fc12c0d5692cdf \
    --hash=sha256:82ab8330e7e2e416c2d42fcec67f02c242393b8681014750d4b70b3f158e1f08 \
    --hash=sha256:8331484450b3894298bef8abecce532171ff6ac60b71f999eed10f2c01941a8a \
    --hash=sha256:834271b1ff2cfa1f67fcd65a48bf11d11e9ab837e21bf79ce554efb648599ae8 \
    --hash=sha256:8679f0652a183d93da646fcec8da8228db0be40d1595da37e6d74c2dc8c4713c \
    --hash=sha256:87794549a3f5c1c2bdfba2380c1bf87b931e375f4133d929da44f95e396bf5fe \
    --hash=sha256:87b776cf2890e356e4ab104b9df846e169da3eb5b0f110975547091f4e51854e \
    --hash=sha256:8e26a075fa9945b9e44a3d02cc83d776c3b76bb1ff4b133bbfa620d5650131da \
    --hash=sha256:91b916d495db3e1b473c7c8e68733beec4dce8e487442db61764fff94f59740e \
    --hash=sha256:948dfc62683a6947b9b486c4598d8f6e3ecc542478b6767b87d52be68aeb55c6 \
    --hash=sha256:982d07727c809b42a3968785354f11c3728414e4e90af0754345b431b2c32561 \
    --hash=sha256:9a094ed44a22f9da497453137c3118b531fd783866ab524b0b0fc146e7395e1d \
    --hash=sha256:9cd5b6805396157b4cf993a6940cbb8663161f29b4df2458c1c9991f099299c5 \
    --hash=sha256:9d028d189d8f38d7ff292f22187c0df37f2317f554d2ed9a2908ada330af57c0 \
    --hash=sha256:9dc55698737aca028848bde418d6c51d74f2a5fd44872d3c8b56b626729adb89 \
    --hash=sha256:9e9aaef25a40d1f1e1bbb1d0eb0190c4a64a7a1750f7eb67b8399bed6f4fd2a6 \
    --hash=sha256:a2d6d30be35ddd70ce0f8ee259a4c25f24d6d689a45a5ac440f03e6bcc5a21d1 \
    --hash=sha256:a68b637451d64ba30ed8ae125c973fa834cc2d37dfa7f154c2b479015d477ba8 \
    --hash=sha256:a72ecf5bfd3fc8d57927f7e3ded2487e144472f39010c3acaec3f6f3ff53f361 \
    --hash=sha256:aa34473fbcc108fea403074f3f45091461b18b2047d136f16ffaa4c65ad46a68 \
    --hash=sha256:ab2fb1f7a2deb4ca3ddebbae6b93905d21480a3b4e11de28d79d9fb0d316fcf8 \
    --hash=sha256:ab39d2c967aae3b48a412bff9cdbe7cd7559cd1e277599aceaeada7bc82b7200 \
    --hash=sha256:b04583e8867136ae66353fa274f45121ab3ec3166dc45aaff3655a5db90d9f0e \
    --hash=sha256:b1963ec5ba4d52788fb0eac6aca6eb8040e8e318c7e47ebbdfc09440c802919c \
    --hash=sha256:b56416091bfd7a429f958f69aaf6823c517be9a49cb5bf1daa3767ce8bf8095e \
    --hash=sha256:b862572b7a5f5ed47d2ba5921e63bf8d9e3b682f859d8f11e0e5ca46f7e82173 \
    --hash=sha256:b96341cb29a3faa5db05aff29c77d141d827414f145330e5d8846892119351c1 \
    --hash=sha256:bb52e10e453b5493afe1f7702a2973bc10f4dd8901c0f2ed869ffaa3f8319296 \
    --hash=sha256:bb5aab464a0c5e03a97abad5bdf54517061ebbf72340d576e99ff661a42575cc \
    --hash=sha256:be4223af640d0aa04c05db81d5d96ada3ead9c09187d892fd37f4f97829480be \
    --hash=sha256:c2cbd385d82f63bb35edb60b09b08abad3619bd0a4a492ae59e55afaf98e1b9d \
    --hash=sha256:c57b6ad3f7a1bdd101b2966f29dc161adf49727b1e8d3e1e89db2eda8a75c344 \
    --hash=sha256:c622f4c638a725c39abcb2e680b1bd592663c83b672a4ed350a17f806d75618e \
    --hash=sha256:cae27622c094558e519abf3242cf4272db961d12c5c9a9ffb7a1b44b2627d5c6 \
    --hash=sha256:cfcec18f7da682c4e2d82112829ce906569cb8d69fa6c26f3a50dfbed5ceb682 \
    --hash=sha256:cfeb11990f59e59a0df26c648f0adfcbf27be77241250636f5769eb08db662be \
    --hash=sha256:d0834c84ae8750ae1c4cede59b0afd4d2f775be958e11b18a3eea24ed9d0d9f1 \
    --hash=sha256:d3c75d57a00109255e60bc9c623b6ececaf7905eaab845c79f036670ed4750a2 \
    --hash=sha256:d3e10779f60c000213a5b53f518824bd07b3dc119333b26d70c6be1c27b5c794 \
    --hash=sha256:d50714405845c1010c871098558cfe5718fe39d2a2fab5f95c8863caeb7a82b3 \
    --hash=sha256:da6ef4cb8d457aab0482b50120136ae94238aaa421863eaa7d599759742c72d6 \
    --hash=sha256:dd3b6d97beb39afb412f2c79522b9e099463c31f4c49ab8347c5a2ca3531c478 \
    --hash=sha256:dd7715817a187edd7e2a2390908757f7ba42148e59cad755fb8ee1160c628eca \
    --hash=sha256:e21e888a6b471b2bb1cdd4247e8d86632672232f29be583e7eafaa5f4634d34c \
    --hash=sha256:e37aba1994d73b4944053ab65a15f313bd5c28c885dd7f0d494a11749d89db6e \
    --hash=sha256:e54e088dc64dd2766014e7cfe5f8bc45399400fd486816e494f93e3f0f55da06 \
    --hash=sha256:e6b6a11bf898cca3ce7bfaa17b646901107f3975677fbd5097f36e5eb5641983 \
    --hash=sha256:eac1207936555aa691ce32df1432b478f2729d54e6d93a1f4db9215bcd8eb47d \
    --hash=sha256:ebbf0d83ed5271991d666e54bb6c90ac2c55fb2ef3a88740c6af85dc85de2402 \
    --hash=sha256:ec1c44cf9bd22079aac37a07cb49a29ced9050ab5bddf24e50aba298f1e34d90 \
    --hash=sha256:ecae626449d00db8c08f8f1fc00047a32d6d7eb5402b3976f5c3fda2b80a7a4f \
    --hash=sha256:ed7c886a2fcbf14493ceaf9579394b33521730c161ebb8dad7db9c3e9fcab1a8 \
    --hash=sha256:ee877b6d78f9dff1da94fef51ae8cf9cce0967e043fdcc864c40b85cf293c192 \
    --hash=sha256:f0192e5f1cfc70e3cb35347135dd02e7497b3e7d83e378aa226d8b3e53a93f19 \
    --hash=sha256:f3463a5f26be513a49e4d497debcf1b252a2db7b92c77d89621aa90b83d2dd38 \
    --hash=sha256:f6222cafe00e072bb2b8f14142cd969637411fbc4dd3b1d73a90a3b817fa046f \
    --hash=sha256:f988a1cec68058f71a38471813fba9e87dffe855582682e8a10e40ece12567a2 \
    --hash=sha256:fadb07dbe36a541283ff454b1a268afd54b077d917043f2e1e5615372cb5f200 \
    --hash=sha256:fe7ff456c22725c9d9017f7a2a7df2b51af6df77314176760b22e2d05278e181
    # via -r scripts/neo-execution-specs-requirements.in
